{
  "requires": true,
  "lockfileVersion": 1,
  "dependencies": {
    "@vant/weapp": {
      "version": "1.10.17"
    },
    "hy-event-store": {
      "version": "1.3.1",
      "resolved": "https://npm.gzygxy.com/hy-event-store/-/hy-event-store-1.3.1.tgz",
      "integrity": "sha512-uD+14mz4ONiAs9cX/csjUJ2pHTPFciE3JvIbZ+lsbaXopZWbnETEjwJ0a4l5GqNGcltcW3gJjlnUXCJPBoABfg=="
    }
  }
}
